
Microsoft Visual Studio Solution File, Format Version 12.00
# Visual Studio Version 16
VisualStudioVersion = 16.0.31424.327
MinimumVisualStudioVersion = 10.0.40219.1
Project("{FAE04EC0-301F-11D3-BF4B-00C04F79EFBC}") = "Aula5", "Aula5.csproj", "{05C09FB0-D2CD-42DC-B176-6D14E70FF93A}"
EndProject
Global
	GlobalSection(SolutionConfigurationPlatforms) = preSolution
		Debug|Any CPU = Debug|Any CPU
		Release|Any CPU = Release|Any CPU
	EndGlobalSection
	GlobalSection(ProjectConfigurationPlatforms) = postSolution
		{05C09FB0-D2CD-42DC-B176-6D14E70FF93A}.Debug|Any CPU.ActiveCfg = Debug|Any CPU
		{05C09FB0-D2CD-42DC-B176-6D14E70FF93A}.Debug|Any CPU.Build.0 = Debug|Any CPU
		{05C09FB0-D2CD-42DC-B176-6D14E70FF93A}.Release|Any CPU.ActiveCfg = Release|Any CPU
		{05C09FB0-D2CD-42DC-B176-6D14E70FF93A}.Release|Any CPU.Build.0 = Release|Any CPU
	EndGlobalSection
	GlobalSection(SolutionProperties) = preSolution
		HideSolutionNode = FALSE
	EndGlobalSection
	GlobalSection(ExtensibilityGlobals) = postSolution
		SolutionGuid = {713C6576-DC82-4C13-9CA7-A26FEE89B091}
	EndGlobalSection
EndGlobal
